{
  "nodes": {
    "nixpkgs": {
      "locked": {
        "lastModified": 1787866200,
        "narHash": "sha256-5+H0XN+maMdJGuYB3GW7voz0RQXJkaVEVn4hBBo4uo4=",
        "owner": "NixOS",
        "repo": "nixpkgs",
        "rev": "df024a6a9638a914a3d0c19b6ee386034b8913fb",
        "type": "github"
      },
      "original": {
        "owner": "NixOS",
        "ref": "nixpkgs-26.05-darwin",
        "repo": "nixpkgs",
        "type": "github"
      }
    },
    "root": {
      "inputs": {
        "nixpkgs": "nixpkgs"
      }
    }
  },
  "root": "root",
  "version": 7
}
